
Microsoft Visual Studio Solution File, Format Version 12.00
# Visual Studio 15
VisualStudioVersion = 15.0.27703.2035
MinimumVisualStudioVersion = 10.0.40219.1
Project("{FAE04EC0-301F-11D3-BF4B-00C04F79EFBC}") = "Project Catalog", "Project Catalog\Project Catalog.csproj", "{7F1C3E0F-93F3-4617-B176-A7185C090F18}"
EndProject
Global
	GlobalSection(SolutionConfigurationPlatforms) = preSolution
		Debug|Any CPU = Debug|Any CPU
		Release|Any CPU = Release|Any CPU
	EndGlobalSection
	GlobalSection(ProjectConfigurationPlatforms) = postSolution
		{7F1C3E0F-93F3-4617-B176-A7185C090F18}.Debug|Any CPU.ActiveCfg = Debug|Any CPU
		{7F1C3E0F-93F3-4617-B176-A7185C090F18}.Debug|Any CPU.Build.0 = Debug|Any CPU
		{7F1C3E0F-93F3-4617-B176-A7185C090F18}.Release|Any CPU.ActiveCfg = Release|Any CPU
		{7F1C3E0F-93F3-4617-B176-A7185C090F18}.Release|Any CPU.Build.0 = Release|Any CPU
	EndGlobalSection
	GlobalSection(SolutionProperties) = preSolution
		HideSolutionNode = FALSE
	EndGlobalSection
	GlobalSection(ExtensibilityGlobals) = postSolution
		SolutionGuid = {2A547D69-684C-43C3-8E86-893C91899A1B}
	EndGlobalSection
EndGlobal
